
Microsoft Visual Studio Solution File, Format Version 12.00
# Visual Studio Version 17
VisualStudioVersion = 17.5.33530.505
MinimumVisualStudioVersion = 10.0.40219.1
Project("{9A19103F-16F7-4668-BE54-9A1E7A4F7556}") = "BlazorEcommerce.Server", "Server\BlazorEcommerce.Server.csproj", "{0642BABC-0E0B-4701-A119-A8448C106BE4}"
EndProject
Project("{9A19103F-16F7-4668-BE54-9A1E7A4F7556}") = "BlazorEcommerce.Client", "Client\BlazorEcommerce.Client.csproj", "{D4AF0D99-9466-4C03-8A41-39983594865F}"
EndProject
Project("{9A19103F-16F7-4668-BE54-9A1E7A4F7556}") = "BlazorEcommerce.Shared", "Shared\BlazorEcommerce.Shared.csproj", "{F2527A1F-D00D-476D-986A-118F88FA1CF9}"
EndProject
Global
	GlobalSection(SolutionConfigurationPlatforms) = preSolution
		Debug|Any CPU = Debug|Any CPU
		Release|Any CPU = Release|Any CPU
	EndGlobalSection
	GlobalSection(ProjectConfigurationPlatforms) = postSolution
		{0642BABC-0E0B-4701-A119-A8448C106BE4}.Debug|Any CPU.ActiveCfg = Debug|Any CPU
		{0642BABC-0E0B-4701-A119-A8448C106BE4}.Debug|Any CPU.Build.0 = Debug|Any CPU
		{0642BABC-0E0B-4701-A119-A8448C106BE4}.Release|Any CPU.ActiveCfg = Release|Any CPU
		{0642BABC-0E0B-4701-A119-A8448C106BE4}.Release|Any CPU.Build.0 = Release|Any CPU
		{D4AF0D99-9466-4C03-8A41-39983594865F}.Debug|Any CPU.ActiveCfg = Debug|Any CPU
		{D4AF0D99-9466-4C03-8A41-39983594865F}.Debug|Any CPU.Build.0 = Debug|Any CPU
		{D4AF0D99-9466-4C03-8A41-39983594865F}.Release|Any CPU.ActiveCfg = Release|Any CPU
		{D4AF0D99-9466-4C03-8A41-39983594865F}.Release|Any CPU.Build.0 = Release|Any CPU
		{F2527A1F-D00D-476D-986A-118F88FA1CF9}.Debug|Any CPU.ActiveCfg = Debug|Any CPU
		{F2527A1F-D00D-476D-986A-118F88FA1CF9}.Debug|Any CPU.Build.0 = Debug|Any CPU
		{F2527A1F-D00D-476D-986A-118F88FA1CF9}.Release|Any CPU.ActiveCfg = Release|Any CPU
		{F2527A1F-D00D-476D-986A-118F88FA1CF9}.Release|Any CPU.Build.0 = Release|Any CPU
	EndGlobalSection
	GlobalSection(SolutionProperties) = preSolution
		HideSolutionNode = FALSE
	EndGlobalSection
	GlobalSection(ExtensibilityGlobals) = postSolution
		SolutionGuid = {806D6288-80BB-4807-B777-ED1F6DDA177B}
	EndGlobalSection
EndGlobal
